// !$*UTF8*$!
{
	archiveVersion = 1;
	classes = {
	};
	objectVersion = 50;
	objects = {

/* Begin PBXBuildFile section */
		4C132734251BB18E00C1D4F8 /* main.cpp in Sources */ = {isa = PBXBuildFile; fileRef = 4C132733251BB18E00C1D4F8 /* main.cpp */; };
		4C81E431251BEB390031D0FA /* Vector2D.cpp in Sources */ = {isa = PBXBuildFile; fileRef = 4C81E42F251BEB390031D0FA /* Vector2D.cpp */; };
		4C81E435251BEB4D0031D0FA /* SplinePoint2D.cpp in Sources */ = {isa = PBXBuildFile; fileRef = 4C81E433251BEB4D0031D0FA /* SplinePoint2D.cpp */; };
		4C81E439251BEB5F0031D0FA /* Spline2D.cpp in Sources */ = {isa = PBXBuildFile; fileRef = 4C81E437251BEB5F0031D0FA /* Spline2D.cpp */; };
		4C81E43D251BEB6F0031D0FA /* MathFunctions.cpp in Sources */ = {isa = PBXBuildFile; fileRef = 4C81E43B251BEB6F0031D0FA /* MathFunctions.cpp */; };
		4C81E43F251BEBEA0031D0FA /* Vector2D.hpp in Sources */ = {isa = PBXBuildFile; fileRef = 4C81E430251BEB390031D0FA /* Vector2D.hpp */; };
		4C81E440251BEBEA0031D0FA /* SplinePoint2D.hpp in Sources */ = {isa = PBXBuildFile; fileRef = 4C81E434251BEB4D0031D0FA /* SplinePoint2D.hpp */; };
		4C81E441251BEBEA0031D0FA /* Spline2D.hpp in Sources */ = {isa = PBXBuildFile; fileRef = 4C81E438251BEB5F0031D0FA /* Spline2D.hpp */; };
		4C81E442251BEBEA0031D0FA /* MathFunctions.hpp in Sources */ = {isa = PBXBuildFile; fileRef = 4C81E43C251BEB6F0031D0FA /* MathFunctions.hpp */; };
		4C81E446251BEC160031D0FA /* Hamiltonian.cpp in Sources */ = {isa = PBXBuildFile; fileRef = 4C81E444251BEC160031D0FA /* Hamiltonian.cpp */; };
		4C81E449251BEC350031D0FA /* Hamiltonian.hpp in Sources */ = {isa = PBXBuildFile; fileRef = 4C81E445251BEC160031D0FA /* Hamiltonian.hpp */; };
		4C81E44D251BF3770031D0FA /* Camera.cpp in Sources */ = {isa = PBXBuildFile; fileRef = 4C81E44B251BF3770031D0FA /* Camera.cpp */; };
/* End PBXBuildFile section */

/* Begin PBXFileReference section */
		4C13272B251BB18E00C1D4F8 /* 2D Visual Hull.app */ = {isa = PBXFileReference; explicitFileType = wrapper.application; includeInIndex = 0; path = "2D Visual Hull.app"; sourceTree = BUILT_PRODUCTS_DIR; };
		4C13272F251BB18E00C1D4F8 /* 2D Visual Hull-Info.plist */ = {isa = PBXFileReference; lastKnownFileType = text.plist.xml; name = "2D Visual Hull-Info.plist"; path = "../2D Visual Hull-Info.plist"; sourceTree = "<group>"; };
		4C132730251BB18E00C1D4F8 /* ResourcePath.mm */ = {isa = PBXFileReference; lastKnownFileType = sourcecode.cpp.objcpp; path = ResourcePath.mm; sourceTree = "<group>"; };
		4C132732251BB18E00C1D4F8 /* ResourcePath.hpp */ = {isa = PBXFileReference; lastKnownFileType = sourcecode.cpp.h; path = ResourcePath.hpp; sourceTree = "<group>"; };
		4C132733251BB18E00C1D4F8 /* main.cpp */ = {isa = PBXFileReference; lastKnownFileType = sourcecode.cpp.cpp; path = main.cpp; sourceTree = "<group>"; };
		4C81E42F251BEB390031D0FA /* Vector2D.cpp */ = {isa = PBXFileReference; lastKnownFileType = sourcecode.cpp.cpp; path = Vector2D.cpp; sourceTree = "<group>"; };
		4C81E430251BEB390031D0FA /* Vector2D.hpp */ = {isa = PBXFileReference; lastKnownFileType = sourcecode.cpp.h; path = Vector2D.hpp; sourceTree = "<group>"; };
		4C81E433251BEB4D0031D0FA /* SplinePoint2D.cpp */ = {isa = PBXFileReference; lastKnownFileType = sourcecode.cpp.cpp; path = SplinePoint2D.cpp; sourceTree = "<group>"; };
		4C81E434251BEB4D0031D0FA /* SplinePoint2D.hpp */ = {isa = PBXFileReference; lastKnownFileType = sourcecode.cpp.h; path = SplinePoint2D.hpp; sourceTree = "<group>"; };
		4C81E437251BEB5F0031D0FA /* Spline2D.cpp */ = {isa = PBXFileReference; lastKnownFileType = sourcecode.cpp.cpp; path = Spline2D.cpp; sourceTree = "<group>"; };
		4C81E438251BEB5F0031D0FA /* Spline2D.hpp */ = {isa = PBXFileReference; lastKnownFileType = sourcecode.cpp.h; path = Spline2D.hpp; sourceTree = "<group>"; };
		4C81E43B251BEB6F0031D0FA /* MathFunctions.cpp */ = {isa = PBXFileReference; lastKnownFileType = sourcecode.cpp.cpp; path = MathFunctions.cpp; sourceTree = "<group>"; };
		4C81E43C251BEB6F0031D0FA /* MathFunctions.hpp */ = {isa = PBXFileReference; lastKnownFileType = sourcecode.cpp.h; path = MathFunctions.hpp; sourceTree = "<group>"; };
		4C81E444251BEC160031D0FA /* Hamiltonian.cpp */ = {isa = PBXFileReference; lastKnownFileType = sourcecode.cpp.cpp; path = Hamiltonian.cpp; sourceTree = "<group>"; };
		4C81E445251BEC160031D0FA /* Hamiltonian.hpp */ = {isa = PBXFileReference; lastKnownFileType = sourcecode.cpp.h; path = Hamiltonian.hpp; sourceTree = "<group>"; };
		4C81E44B251BF3770031D0FA /* Camera.cpp */ = {isa = PBXFileReference; lastKnownFileType = sourcecode.cpp.cpp; path = Camera.cpp; sourceTree = "<group>"; };
		4C81E44C251BF3770031D0FA /* Camera.hpp */ = {isa = PBXFileReference; lastKnownFileType = sourcecode.cpp.h; path = Camera.hpp; sourceTree = "<group>"; };
/* End PBXFileReference section */

/* Begin PBXFrameworksBuildPhase section */
		4C132727251BB18E00C1D4F8 /* Frameworks */ = {
			isa = PBXFrameworksBuildPhase;
			buildActionMask = 2147483647;
			files = (
			);
			runOnlyForDeploymentPostprocessing = 0;
		};
/* End PBXFrameworksBuildPhase section */

/* Begin PBXGroup section */
		4C132721251BB18E00C1D4F8 = {
			isa = PBXGroup;
			children = (
				4C13272D251BB18E00C1D4F8 /* 2D Visual Hull */,
				4C13272C251BB18E00C1D4F8 /* Products */,
			);
			sourceTree = "<group>";
		};
		4C13272C251BB18E00C1D4F8 /* Products */ = {
			isa = PBXGroup;
			children = (
				4C13272B251BB18E00C1D4F8 /* 2D Visual Hull.app */,
			);
			name = Products;
			sourceTree = "<group>";
		};
		4C13272D251BB18E00C1D4F8 /* 2D Visual Hull */ = {
			isa = PBXGroup;
			children = (
				4C132730251BB18E00C1D4F8 /* ResourcePath.mm */,
				4C132732251BB18E00C1D4F8 /* ResourcePath.hpp */,
				4C132733251BB18E00C1D4F8 /* main.cpp */,
				4C132735251BB18E00C1D4F8 /* Resources */,
				4C13272E251BB18E00C1D4F8 /* Supporting Files */,
			);
			path = "2D Visual Hull";
			sourceTree = "<group>";
		};
		4C13272E251BB18E00C1D4F8 /* Supporting Files */ = {
			isa = PBXGroup;
			children = (
				4C13272F251BB18E00C1D4F8 /* 2D Visual Hull-Info.plist */,
			);
			path = "Supporting Files";
			sourceTree = "<group>";
		};
		4C132735251BB18E00C1D4F8 /* Resources */ = {
			isa = PBXGroup;
			children = (
				4C81E44B251BF3770031D0FA /* Camera.cpp */,
				4C81E42F251BEB390031D0FA /* Vector2D.cpp */,
				4C81E433251BEB4D0031D0FA /* SplinePoint2D.cpp */,
				4C81E437251BEB5F0031D0FA /* Spline2D.cpp */,
				4C81E43B251BEB6F0031D0FA /* MathFunctions.cpp */,
				4C81E444251BEC160031D0FA /* Hamiltonian.cpp */,
				4C81E44C251BF3770031D0FA /* Camera.hpp */,
				4C81E430251BEB390031D0FA /* Vector2D.hpp */,
				4C81E434251BEB4D0031D0FA /* SplinePoint2D.hpp */,
				4C81E438251BEB5F0031D0FA /* Spline2D.hpp */,
				4C81E43C251BEB6F0031D0FA /* MathFunctions.hpp */,
				4C81E445251BEC160031D0FA /* Hamiltonian.hpp */,
			);
			path = Resources;
			sourceTree = "<group>";
		};
/* End PBXGroup section */

/* Begin PBXNativeTarget section */
		4C13272A251BB18E00C1D4F8 /* 2D Visual Hull */ = {
			isa = PBXNativeTarget;
			buildConfigurationList = 4C132740251BB18E00C1D4F8 /* Build configuration list for PBXNativeTarget "2D Visual Hull" */;
			buildPhases = (
				4C132726251BB18E00C1D4F8 /* Sources */,
				4C132727251BB18E00C1D4F8 /* Frameworks */,
				4C132728251BB18E00C1D4F8 /* Resources */,
				4C132729251BB18E00C1D4F8 /* ShellScript */,
			);
			buildRules = (
			);
			dependencies = (
			);
			name = "2D Visual Hull";
			productName = "2D Visual Hull";
			productReference = 4C13272B251BB18E00C1D4F8 /* 2D Visual Hull.app */;
			productType = "com.apple.product-type.application";
		};
/* End PBXNativeTarget section */

/* Begin PBXProject section */
		4C132722251BB18E00C1D4F8 /* Project object */ = {
			isa = PBXProject;
			attributes = {
				LastUpgradeCheck = 1200;
				ORGANIZATIONNAME = "Michael Schuff";
				TargetAttributes = {
					4C13272A251BB18E00C1D4F8 = {
						CreatedOnToolsVersion = 12.0;
					};
				};
			};
			buildConfigurationList = 4C132725251BB18E00C1D4F8 /* Build configuration list for PBXProject "2D Visual Hull" */;
			compatibilityVersion = "Xcode 9.3";
			developmentRegion = en;
			hasScannedForEncodings = 0;
			knownRegions = (
				en,
				Base,
			);
			mainGroup = 4C132721251BB18E00C1D4F8;
			productRefGroup = 4C13272C251BB18E00C1D4F8 /* Products */;
			projectDirPath = "";
			projectRoot = "";
			targets = (
				4C13272A251BB18E00C1D4F8 /* 2D Visual Hull */,
			);
		};
/* End PBXProject section */

/* Begin PBXResourcesBuildPhase section */
		4C132728251BB18E00C1D4F8 /* Resources */ = {
			isa = PBXResourcesBuildPhase;
			buildActionMask = 2147483647;
			files = (
			);
			runOnlyForDeploymentPostprocessing = 0;
		};
/* End PBXResourcesBuildPhase section */

/* Begin PBXShellScriptBuildPhase section */
		4C132729251BB18E00C1D4F8 /* ShellScript */ = {
			isa = PBXShellScriptBuildPhase;
			buildActionMask = 8;
			files = (
			);
			inputFileListPaths = (
			);
			inputPaths = (
			);
			outputFileListPaths = (
			);
			outputPaths = (
			);
			runOnlyForDeploymentPostprocessing = 1;
			shellPath = /bin/sh;
			shellScript = "# This shell script simply copies required SFML dylibs/frameworks into the application bundle frameworks folder.\n# If you're using static libraries (which is not recommended) you should remove this script from your project.\n\n# SETTINGS\nSFML_DEPENDENCIES_INSTALL_PREFIX=\"/Users/SFML/Desktop/packaging/tmp/install/Library/Frameworks\"\nCMAKE_INSTALL_FRAMEWORK_PREFIX=\"/Users/SFML/Desktop/packaging/tmp/install/Library/Frameworks\"\nCMAKE_INSTALL_LIB_PREFIX=\"/Users/SFML/Desktop/packaging/tmp/install/Library/Frameworks/lib\"\nFRAMEWORKS_FULL_PATH=\"$BUILT_PRODUCTS_DIR/$FRAMEWORKS_FOLDER_PATH/\"\n\n# Are we building a project that uses frameworks or dylibs?\ncase \"$SFML_BINARY_TYPE\" in\n    DYLIBS)\n        frameworks=\"false\"\n        ;;\n    *)\n        frameworks=\"true\"\n        ;;\nesac\n\n# Echoes to stderr\nerror () # $* message to display\n{\n    echo $* 1>&2\n    exit 2\n}\n\nassert () # $1 is a boolean, $2...N is an error message\n{\n    if [ $# -lt 2 ]\n    then\n        error \"Internal error in assert: not enough args\"\n    fi\n\n    if [ $1 -ne 0 ]\n    then\n        shift\n        error \"$*\"\n    fi\n}\n\nforce_remove () # $@ is some paths\n{\n    test $# -ge 1\n    assert $? \"force_remove() requires at least one parameter\"\n    rm -fr $@\n    assert $? \"couldn't remove $@\"\n}\n\ncopy () # $1 is a source, $2 is a destination\n{\n    test $# -eq 2\n    assert $? \"copy() requires two parameters\"\n    ditto \"$1\" \"$2\"\n    assert $? \"couldn't copy $1 to $2\"\n}\n\nrequire () # $1 is a SFML module like 'system' or 'audio'\n{\n    dest=\"$BUILT_PRODUCTS_DIR/$FRAMEWORKS_FOLDER_PATH/\"\n\n    if [ -z \"$1\" ]\n    then\n        error \"require() requires one parameter!\"\n    else\n        # clean potentially old stuff\n        force_remove \"$dest/libsfml-$1\"*\n        force_remove \"$dest/sfml-$1.framework\"\n\n        # copy SFML libraries\n        if [ \"$frameworks\" = \"true\" ]\n        then\n            source=\"$CMAKE_INSTALL_FRAMEWORK_PREFIX/sfml-$1.framework\"\n            target=\"sfml-$1.framework\"\n        elif [ \"$SFML_LINK_DYLIBS_SUFFIX\" = \"-d\" ]\n        then\n            source=\"$CMAKE_INSTALL_LIB_PREFIX/libsfml-$1-d.dylib\"\n            target=\"`readlink $source`\"\n        else\n            source=\"$CMAKE_INSTALL_LIB_PREFIX/libsfml-$1.dylib\"\n            target=\"`readlink $source`\"\n        fi\n\n        copy \"$source\" \"$dest/$target\"\n\n        # copy extra dependencies\n        if [ \"$1\" = \"audio\" ]\n        then\n            # copy \"FLAC\" \"ogg\" \"vorbis\" \"vorbisenc\" \"vorbisfile\" \"OpenAL\" frameworks too\n            for f in \"FLAC\" \"ogg\" \"vorbis\" \"vorbisenc\" \"vorbisfile\" \"OpenAL\"\n            do\n                copy \"$SFML_DEPENDENCIES_INSTALL_PREFIX/$f.framework\" \"$dest/$f.framework\"\n            done\n        elif [ \"$1\" = \"graphics\" ]\n        then\n            copy \"$SFML_DEPENDENCIES_INSTALL_PREFIX/freetype.framework\" \"$dest/freetype.framework\"\n        fi\n    fi\n}\n\nif [ -n \"$SFML_SYSTEM\" ]\nthen\n    require \"system\"\nfi\n\nif [ -n \"$SFML_AUDIO\" ]\nthen\n    require \"audio\"\nfi\n\nif [ -n \"$SFML_NETWORK\" ]\nthen\n    require \"network\"\nfi\n\nif [ -n \"$SFML_WINDOW\" ]\nthen\n    require \"window\"\nfi\n\nif [ -n \"$SFML_GRAPHICS\" ]\nthen\n    require \"graphics\"\nfi\n\n                \n";
		};
/* End PBXShellScriptBuildPhase section */

/* Begin PBXSourcesBuildPhase section */
		4C132726251BB18E00C1D4F8 /* Sources */ = {
			isa = PBXSourcesBuildPhase;
			buildActionMask = 2147483647;
			files = (
				4C81E449251BEC350031D0FA /* Hamiltonian.hpp in Sources */,
				4C81E43F251BEBEA0031D0FA /* Vector2D.hpp in Sources */,
				4C81E440251BEBEA0031D0FA /* SplinePoint2D.hpp in Sources */,
				4C81E441251BEBEA0031D0FA /* Spline2D.hpp in Sources */,
				4C81E44D251BF3770031D0FA /* Camera.cpp in Sources */,
				4C81E442251BEBEA0031D0FA /* MathFunctions.hpp in Sources */,
				4C81E446251BEC160031D0FA /* Hamiltonian.cpp in Sources */,
				4C81E431251BEB390031D0FA /* Vector2D.cpp in Sources */,
				4C81E435251BEB4D0031D0FA /* SplinePoint2D.cpp in Sources */,
				4C81E43D251BEB6F0031D0FA /* MathFunctions.cpp in Sources */,
				4C81E439251BEB5F0031D0FA /* Spline2D.cpp in Sources */,
				4C132734251BB18E00C1D4F8 /* main.cpp in Sources */,
			);
			runOnlyForDeploymentPostprocessing = 0;
		};
/* End PBXSourcesBuildPhase section */

/* Begin XCBuildConfiguration section */
		4C13273E251BB18E00C1D4F8 /* Debug */ = {
			isa = XCBuildConfiguration;
			buildSettings = {
				ARCHS = "$(NATIVE_ARCH_ACTUAL)";
				CLANG_CXX_LANGUAGE_STANDARD = "c++11";
				CLANG_CXX_LIBRARY = "libc++";
				FRAMEWORK_SEARCH_PATHS = (
					/Library/Frameworks/,
					"$(inherited)",
				);
				GCC_VERSION = com.apple.compilers.llvm.clang.1_0;
				HEADER_SEARCH_PATHS = (
					/usr/local/include/,
					"$(inherited)",
				);
				LIBRARY_SEARCH_PATHS = (
					/usr/local/lib/,
					"$(inherited)",
				);
				MACOSX_DEPLOYMENT_TARGET = 10.7;
				OTHER_LDFLAGS = (
					"$(inherited)",
					"$(SFML_SYSTEM)",
					"$(SFML_WINDOW)",
					"$(SFML_GRAPHICS)",
					"$(SFML_AUDIO)",
					"$(SFML_NETWORK)",
				);
				SFML_AUDIO = "$(SFML_LINK_PREFIX) sfml-audio$(SFML_LINK_SUFFIX)";
				SFML_BINARY_TYPE = FRAMEWORKS;
				SFML_GRAPHICS = "$(SFML_LINK_PREFIX) sfml-graphics$(SFML_LINK_SUFFIX)";
				SFML_LINK_DYLIBS_PREFIX = "-l";
				SFML_LINK_DYLIBS_SUFFIX = "";
				SFML_LINK_FRAMEWORKS_PREFIX = "-framework";
				SFML_LINK_FRAMEWORKS_SUFFIX = "";
				SFML_LINK_PREFIX = "$(SFML_LINK_$(SFML_BINARY_TYPE)_PREFIX)";
				SFML_LINK_SUFFIX = "$(SFML_LINK_$(SFML_BINARY_TYPE)_SUFFIX)";
				SFML_NETWORK = "$(SFML_LINK_PREFIX) sfml-network$(SFML_LINK_SUFFIX)";
				SFML_SYSTEM = "$(SFML_LINK_PREFIX) sfml-system$(SFML_LINK_SUFFIX)";
				SFML_WINDOW = "$(SFML_LINK_PREFIX) sfml-window$(SFML_LINK_SUFFIX)";
				SUPPORTED_PLATFORMS = macosx;
			};
			name = Debug;
		};
		4C13273F251BB18E00C1D4F8 /* Release */ = {
			isa = XCBuildConfiguration;
			buildSettings = {
				ARCHS = "$(NATIVE_ARCH_ACTUAL)";
				CLANG_CXX_LANGUAGE_STANDARD = "c++11";
				CLANG_CXX_LIBRARY = "libc++";
				FRAMEWORK_SEARCH_PATHS = (
					/Library/Frameworks/,
					"$(inherited)",
				);
				GCC_VERSION = com.apple.compilers.llvm.clang.1_0;
				HEADER_SEARCH_PATHS = (
					/usr/local/include/,
					"$(inherited)",
				);
				LIBRARY_SEARCH_PATHS = (
					/usr/local/lib/,
					"$(inherited)",
				);
				MACOSX_DEPLOYMENT_TARGET = 10.7;
				OTHER_LDFLAGS = (
					"$(inherited)",
					"$(SFML_SYSTEM)",
					"$(SFML_WINDOW)",
					"$(SFML_GRAPHICS)",
					"$(SFML_AUDIO)",
					"$(SFML_NETWORK)",
				);
				SFML_AUDIO = "$(SFML_LINK_PREFIX) sfml-audio$(SFML_LINK_SUFFIX)";
				SFML_BINARY_TYPE = FRAMEWORKS;
				SFML_GRAPHICS = "$(SFML_LINK_PREFIX) sfml-graphics$(SFML_LINK_SUFFIX)";
				SFML_LINK_DYLIBS_PREFIX = "-l";
				SFML_LINK_DYLIBS_SUFFIX = "";
				SFML_LINK_FRAMEWORKS_PREFIX = "-framework";
				SFML_LINK_FRAMEWORKS_SUFFIX = "";
				SFML_LINK_PREFIX = "$(SFML_LINK_$(SFML_BINARY_TYPE)_PREFIX)";
				SFML_LINK_SUFFIX = "$(SFML_LINK_$(SFML_BINARY_TYPE)_SUFFIX)";
				SFML_NETWORK = "$(SFML_LINK_PREFIX) sfml-network$(SFML_LINK_SUFFIX)";
				SFML_SYSTEM = "$(SFML_LINK_PREFIX) sfml-system$(SFML_LINK_SUFFIX)";
				SFML_WINDOW = "$(SFML_LINK_PREFIX) sfml-window$(SFML_LINK_SUFFIX)";
				SUPPORTED_PLATFORMS = macosx;
			};
			name = Release;
		};
		4C132741251BB18E00C1D4F8 /* Debug */ = {
			isa = XCBuildConfiguration;
			buildSettings = {
				CODE_SIGN_STYLE = Automatic;
				INFOPLIST_FILE = "2D Visual Hull/2D Visual Hull-Info.plist";
				LD_RUNPATH_SEARCH_PATHS = "@loader_path/../Frameworks";
				PRODUCT_NAME = "$(TARGET_NAME)";
			};
			name = Debug;
		};
		4C132742251BB18E00C1D4F8 /* Release */ = {
			isa = XCBuildConfiguration;
			buildSettings = {
				CODE_SIGN_STYLE = Automatic;
				INFOPLIST_FILE = "2D Visual Hull/2D Visual Hull-Info.plist";
				LD_RUNPATH_SEARCH_PATHS = "@loader_path/../Frameworks";
				PRODUCT_NAME = "$(TARGET_NAME)";
			};
			name = Release;
		};
/* End XCBuildConfiguration section */

/* Begin XCConfigurationList section */
		4C132725251BB18E00C1D4F8 /* Build configuration list for PBXProject "2D Visual Hull" */ = {
			isa = XCConfigurationList;
			buildConfigurations = (
				4C13273E251BB18E00C1D4F8 /* Debug */,
				4C13273F251BB18E00C1D4F8 /* Release */,
			);
			defaultConfigurationIsVisible = 0;
			defaultConfigurationName = Release;
		};
		4C132740251BB18E00C1D4F8 /* Build configuration list for PBXNativeTarget "2D Visual Hull" */ = {
			isa = XCConfigurationList;
			buildConfigurations = (
				4C132741251BB18E00C1D4F8 /* Debug */,
				4C132742251BB18E00C1D4F8 /* Release */,
			);
			defaultConfigurationIsVisible = 0;
			defaultConfigurationName = Release;
		};
/* End XCConfigurationList section */
	};
	rootObject = 4C132722251BB18E00C1D4F8 /* Project object */;
}
